{
  "name": "colorpal",
  "lockfileVersion": 3,
  "requires": true,
  "packages": {
    "": {
      "dependencies": {
        "@types/chrome": "^0.0.269"
      },
      "devDependencies": {
        "typescript": "^5.5.4",
        "uglify-js": "^3.19.0"
      }
    },
    "node_modules/@types/chrome": {
      "version": "0.0.269",
      "resolved": "https://registry.npmjs.org/@types/chrome/-/chrome-0.0.269.tgz",
      "integrity": "sha512-vF7x8YywnhXX2F06njQ/OE7a3Qeful43C5GUOsUksXWk89WoSFUU3iLeZW8lDpVO9atm8iZIEiLQTRC3H7NOXQ==",
      "dependencies": {
        "@types/filesystem": "*",
        "@types/har-format": "*"
      }
    },
    "node_modules/@types/filesystem": {
      "version": "0.0.34",
      "resolved": "https://registry.npmjs.org/@types/filesystem/-/filesystem-0.0.34.tgz",
      "integrity": "sha512-La4bGrgck8/rosDUA1DJJP8hrFcKq0BV6JaaVlNnOo1rJdJDcft3//slEbAmsWNUJwXRCc0DXpeO40yuATlexw==",
      "dependencies": {
        "@types/filewriter": "*"
      }
    },
    "node_modules/@types/filewriter": {
      "version": "0.0.31",
      "resolved": "https://registry.npmjs.org/@types/filewriter/-/filewriter-0.0.31.tgz",
      "integrity": "sha512-12df1utOvPC80+UaVoOO1d81X8pa5MefHNS+gWX9R2ucSESpMz9K5QwlTWDGKASrzCpSFwj7NPYh+nTsolgEGA=="
    },
    "node_modules/@types/har-format": {
      "version": "1.2.14",
      "resolved": "https://registry.npmjs.org/@types/har-format/-/har-format-1.2.14.tgz",
      "integrity": "sha512-pEmBAoccWvO6XbSI8A7KvIDGEoKtlLWtdqVCKoVBcCDSFvR4Ijd7zGLu7MWGEqk2r8D54uWlMRt+VZuSrfFMzQ=="
    },
    "node_modules/typescript": {
      "version": "5.5.4",
      "resolved": "https://registry.npmjs.org/typescript/-/typescript-5.5.4.tgz",
      "integrity": "sha512-Mtq29sKDAEYP7aljRgtPOpTvOfbwRWlS6dPRzwjdE+C0R4brX/GUyhHSecbHMFLNBLcJIPt9nl9yG5TZ1weH+Q==",
      "dev": true,
      "bin": {
        "tsc": "bin/tsc",
        "tsserver": "bin/tsserver"
      },
      "engines": {
        "node": ">=14.17"
      }
    },
    "node_modules/uglify-js": {
      "version": "3.19.0",
      "resolved": "https://registry.npmjs.org/uglify-js/-/uglify-js-3.19.0.tgz",
      "integrity": "sha512-wNKHUY2hYYkf6oSFfhwwiHo4WCHzHmzcXsqXYTN9ja3iApYIFbb2U6ics9hBcYLHcYGQoAlwnZlTrf3oF+BL/Q==",
      "dev": true,
      "bin": {
        "uglifyjs": "bin/uglifyjs"
      },
      "engines": {
        "node": ">=0.8.0"
      }
    }
  }
}
