{
  "name": "colorpal",
  "lockfileVersion": 3,
  "requires": true,
  "packages": {
    "": {
      "dependencies": {
        "@types/chrome": "^0.0.272"
      },
      "devDependencies": {
        "typescript": "^5.6.2",
        "uglify-js": "^3.19.3"
      }
    },
    "node_modules/@types/chrome": {
      "version": "0.0.272",
      "resolved": "https://registry.npmjs.org/@types/chrome/-/chrome-0.0.272.tgz",
      "integrity": "sha512-9cxDmmgyhXV8gsZvlRjqaDizNjIjbV0spsR0fIEaQUoHtbl9D8VkTOLyONgiBKK+guR38x5eMO3E3avUYOXwcQ==",
      "dependencies": {
        "@types/filesystem": "*",
        "@types/har-format": "*"
      }
    },
    "node_modules/@types/filesystem": {
      "version": "0.0.34",
      "resolved": "https://registry.npmjs.org/@types/filesystem/-/filesystem-0.0.34.tgz",
      "integrity": "sha512-La4bGrgck8/rosDUA1DJJP8hrFcKq0BV6JaaVlNnOo1rJdJDcft3//slEbAmsWNUJwXRCc0DXpeO40yuATlexw==",
      "dependencies": {
        "@types/filewriter": "*"
      }
    },
    "node_modules/@types/filewriter": {
      "version": "0.0.31",
      "resolved": "https://registry.npmjs.org/@types/filewriter/-/filewriter-0.0.31.tgz",
      "integrity": "sha512-12df1utOvPC80+UaVoOO1d81X8pa5MefHNS+gWX9R2ucSESpMz9K5QwlTWDGKASrzCpSFwj7NPYh+nTsolgEGA=="
    },
    "node_modules/@types/har-format": {
      "version": "1.2.14",
      "resolved": "https://registry.npmjs.org/@types/har-format/-/har-format-1.2.14.tgz",
      "integrity": "sha512-pEmBAoccWvO6XbSI8A7KvIDGEoKtlLWtdqVCKoVBcCDSFvR4Ijd7zGLu7MWGEqk2r8D54uWlMRt+VZuSrfFMzQ=="
    },
    "node_modules/typescript": {
      "version": "5.6.2",
      "resolved": "https://registry.npmjs.org/typescript/-/typescript-5.6.2.tgz",
      "integrity": "sha512-NW8ByodCSNCwZeghjN3o+JX5OFH0Ojg6sadjEKY4huZ52TqbJTJnDo5+Tw98lSy63NZvi4n+ez5m2u5d4PkZyw==",
      "dev": true,
      "bin": {
        "tsc": "bin/tsc",
        "tsserver": "bin/tsserver"
      },
      "engines": {
        "node": ">=14.17"
      }
    },
    "node_modules/uglify-js": {
      "version": "3.19.3",
      "resolved": "https://registry.npmjs.org/uglify-js/-/uglify-js-3.19.3.tgz",
      "integrity": "sha512-v3Xu+yuwBXisp6QYTcH4UbH+xYJXqnq2m/LtQVWKWzYc1iehYnLixoQDN9FH6/j9/oybfd6W9Ghwkl8+UMKTKQ==",
      "dev": true,
      "bin": {
        "uglifyjs": "bin/uglifyjs"
      },
      "engines": {
        "node": ">=0.8.0"
      }
    }
  }
}
